
Microsoft Visual Studio Solution File, Format Version 12.00
# Visual Studio Version 17
VisualStudioVersion = 17.0.31903.59
MinimumVisualStudioVersion = 10.0.40219.1
Project("{2150E333-8FDC-42A3-9474-1A3956D46DE8}") = "src", "src", "{8DEE7C79-208C-4410-8D2D-EB78BB0490DE}"
EndProject
Project("{FAE04EC0-301F-11D3-BF4B-00C04F79EFBC}") = "Lambda", "src\Lambda\Lambda.csproj", "{D0163875-8EBC-4D75-8D71-662FB12CAB4C}"
EndProject
Project("{FAE04EC0-301F-11D3-BF4B-00C04F79EFBC}") = "Application", "src\Application\Application.csproj", "{F5FD803A-1FD2-4EF5-A6AB-2479046C3A53}"
EndProject
Project("{FAE04EC0-301F-11D3-BF4B-00C04F79EFBC}") = "Infra", "src\Infra\Infra.csproj", "{9AB4BF52-FABD-4C98-A873-9FDBCA096718}"
EndProject
Project("{FAE04EC0-301F-11D3-BF4B-00C04F79EFBC}") = "Domain", "src\Domain\Domain.csproj", "{6FADC290-E229-4206-9469-96C781A23C2F}"
EndProject
Project("{2150E333-8FDC-42A3-9474-1A3956D46DE8}") = "tests", "tests", "{261C4167-3610-4DA4-A501-AFEA631BED66}"
EndProject
Project("{FAE04EC0-301F-11D3-BF4B-00C04F79EFBC}") = "Lambda.UnitTests", "tests\Lambda.UnitTests\Lambda.UnitTests.csproj", "{EA2E44E8-F155-4F0E-86EA-D1753D278BF6}"
EndProject
Project("{FAE04EC0-301F-11D3-BF4B-00C04F79EFBC}") = "Application.UnitTests", "tests\Application.UnitTests\Application.UnitTests.csproj", "{020B2A6B-508B-4561-BBB1-7F9C4FF8B60E}"
EndProject
Project("{FAE04EC0-301F-11D3-BF4B-00C04F79EFBC}") = "Infra.UnitTests", "tests\Infra.UnitTests\Infra.UnitTests.csproj", "{157CFDDE-12D8-462F-A793-393B2FAE85E5}"
EndProject
Project("{FAE04EC0-301F-11D3-BF4B-00C04F79EFBC}") = "Domain.UnitTests", "tests\Domain.UnitTests\Domain.UnitTests.csproj", "{72B0E0C9-909E-4023-A541-53E8AAF49AE3}"
EndProject
Global
	GlobalSection(SolutionConfigurationPlatforms) = preSolution
		Debug|Any CPU = Debug|Any CPU
		Release|Any CPU = Release|Any CPU
	EndGlobalSection
	GlobalSection(SolutionProperties) = preSolution
		HideSolutionNode = FALSE
	EndGlobalSection
	GlobalSection(ProjectConfigurationPlatforms) = postSolution
		{D0163875-8EBC-4D75-8D71-662FB12CAB4C}.Debug|Any CPU.ActiveCfg = Debug|Any CPU
		{D0163875-8EBC-4D75-8D71-662FB12CAB4C}.Debug|Any CPU.Build.0 = Debug|Any CPU
		{D0163875-8EBC-4D75-8D71-662FB12CAB4C}.Release|Any CPU.ActiveCfg = Release|Any CPU
		{D0163875-8EBC-4D75-8D71-662FB12CAB4C}.Release|Any CPU.Build.0 = Release|Any CPU
		{F5FD803A-1FD2-4EF5-A6AB-2479046C3A53}.Debug|Any CPU.ActiveCfg = Debug|Any CPU
		{F5FD803A-1FD2-4EF5-A6AB-2479046C3A53}.Debug|Any CPU.Build.0 = Debug|Any CPU
		{F5FD803A-1FD2-4EF5-A6AB-2479046C3A53}.Release|Any CPU.ActiveCfg = Release|Any CPU
		{F5FD803A-1FD2-4EF5-A6AB-2479046C3A53}.Release|Any CPU.Build.0 = Release|Any CPU
		{9AB4BF52-FABD-4C98-A873-9FDBCA096718}.Debug|Any CPU.ActiveCfg = Debug|Any CPU
		{9AB4BF52-FABD-4C98-A873-9FDBCA096718}.Debug|Any CPU.Build.0 = Debug|Any CPU
		{9AB4BF52-FABD-4C98-A873-9FDBCA096718}.Release|Any CPU.ActiveCfg = Release|Any CPU
		{9AB4BF52-FABD-4C98-A873-9FDBCA096718}.Release|Any CPU.Build.0 = Release|Any CPU
		{6FADC290-E229-4206-9469-96C781A23C2F}.Debug|Any CPU.ActiveCfg = Debug|Any CPU
		{6FADC290-E229-4206-9469-96C781A23C2F}.Debug|Any CPU.Build.0 = Debug|Any CPU
		{6FADC290-E229-4206-9469-96C781A23C2F}.Release|Any CPU.ActiveCfg = Release|Any CPU
		{6FADC290-E229-4206-9469-96C781A23C2F}.Release|Any CPU.Build.0 = Release|Any CPU
		{EA2E44E8-F155-4F0E-86EA-D1753D278BF6}.Debug|Any CPU.ActiveCfg = Debug|Any CPU
		{EA2E44E8-F155-4F0E-86EA-D1753D278BF6}.Debug|Any CPU.Build.0 = Debug|Any CPU
		{EA2E44E8-F155-4F0E-86EA-D1753D278BF6}.Release|Any CPU.ActiveCfg = Release|Any CPU
		{EA2E44E8-F155-4F0E-86EA-D1753D278BF6}.Release|Any CPU.Build.0 = Release|Any CPU
		{020B2A6B-508B-4561-BBB1-7F9C4FF8B60E}.Debug|Any CPU.ActiveCfg = Debug|Any CPU
		{020B2A6B-508B-4561-BBB1-7F9C4FF8B60E}.Debug|Any CPU.Build.0 = Debug|Any CPU
		{020B2A6B-508B-4561-BBB1-7F9C4FF8B60E}.Release|Any CPU.ActiveCfg = Release|Any CPU
		{020B2A6B-508B-4561-BBB1-7F9C4FF8B60E}.Release|Any CPU.Build.0 = Release|Any CPU
		{157CFDDE-12D8-462F-A793-393B2FAE85E5}.Debug|Any CPU.ActiveCfg = Debug|Any CPU
		{157CFDDE-12D8-462F-A793-393B2FAE85E5}.Debug|Any CPU.Build.0 = Debug|Any CPU
		{157CFDDE-12D8-462F-A793-393B2FAE85E5}.Release|Any CPU.ActiveCfg = Release|Any CPU
		{157CFDDE-12D8-462F-A793-393B2FAE85E5}.Release|Any CPU.Build.0 = Release|Any CPU
		{72B0E0C9-909E-4023-A541-53E8AAF49AE3}.Debug|Any CPU.ActiveCfg = Debug|Any CPU
		{72B0E0C9-909E-4023-A541-53E8AAF49AE3}.Debug|Any CPU.Build.0 = Debug|Any CPU
		{72B0E0C9-909E-4023-A541-53E8AAF49AE3}.Release|Any CPU.ActiveCfg = Release|Any CPU
		{72B0E0C9-909E-4023-A541-53E8AAF49AE3}.Release|Any CPU.Build.0 = Release|Any CPU
	EndGlobalSection
	GlobalSection(NestedProjects) = preSolution
		{D0163875-8EBC-4D75-8D71-662FB12CAB4C} = {8DEE7C79-208C-4410-8D2D-EB78BB0490DE}
		{F5FD803A-1FD2-4EF5-A6AB-2479046C3A53} = {8DEE7C79-208C-4410-8D2D-EB78BB0490DE}
		{9AB4BF52-FABD-4C98-A873-9FDBCA096718} = {8DEE7C79-208C-4410-8D2D-EB78BB0490DE}
		{6FADC290-E229-4206-9469-96C781A23C2F} = {8DEE7C79-208C-4410-8D2D-EB78BB0490DE}
		{EA2E44E8-F155-4F0E-86EA-D1753D278BF6} = {261C4167-3610-4DA4-A501-AFEA631BED66}
		{020B2A6B-508B-4561-BBB1-7F9C4FF8B60E} = {261C4167-3610-4DA4-A501-AFEA631BED66}
		{157CFDDE-12D8-462F-A793-393B2FAE85E5} = {261C4167-3610-4DA4-A501-AFEA631BED66}
		{72B0E0C9-909E-4023-A541-53E8AAF49AE3} = {261C4167-3610-4DA4-A501-AFEA631BED66}
	EndGlobalSection
EndGlobal
